
Microsoft Visual Studio Solution File, Format Version 12.00
# Visual Studio Version 17
VisualStudioVersion = 17.3.32901.215
MinimumVisualStudioVersion = 10.0.40219.1
<<<<<<< HEAD
Project("{9A19103F-16F7-4668-BE54-9A1E7A4F7556}") = "EdTech.Course.Domain", "EdTech.Course.Domain\EdTech.Course.Domain.csproj", "{5420F57A-623B-4B31-B686-03613DA77419}"
=======
Project("{FAE04EC0-301F-11D3-BF4B-00C04F79EFBC}") = "EdTech.Course.Domain", "EdTech.Course.Domain\EdTech.Course.Domain.csproj", "{6C17714B-0EA0-4EF6-959B-475CC4CD7844}"
>>>>>>> 6af72e47ff4eab03c9f6e367878e2bb927c48276
EndProject
Global
	GlobalSection(SolutionConfigurationPlatforms) = preSolution
		Debug|Any CPU = Debug|Any CPU
		Release|Any CPU = Release|Any CPU
	EndGlobalSection
	GlobalSection(ProjectConfigurationPlatforms) = postSolution
<<<<<<< HEAD
		{5420F57A-623B-4B31-B686-03613DA77419}.Debug|Any CPU.ActiveCfg = Debug|Any CPU
		{5420F57A-623B-4B31-B686-03613DA77419}.Debug|Any CPU.Build.0 = Debug|Any CPU
		{5420F57A-623B-4B31-B686-03613DA77419}.Release|Any CPU.ActiveCfg = Release|Any CPU
		{5420F57A-623B-4B31-B686-03613DA77419}.Release|Any CPU.Build.0 = Release|Any CPU
=======
		{6C17714B-0EA0-4EF6-959B-475CC4CD7844}.Debug|Any CPU.ActiveCfg = Debug|Any CPU
		{6C17714B-0EA0-4EF6-959B-475CC4CD7844}.Debug|Any CPU.Build.0 = Debug|Any CPU
		{6C17714B-0EA0-4EF6-959B-475CC4CD7844}.Release|Any CPU.ActiveCfg = Release|Any CPU
		{6C17714B-0EA0-4EF6-959B-475CC4CD7844}.Release|Any CPU.Build.0 = Release|Any CPU
>>>>>>> 6af72e47ff4eab03c9f6e367878e2bb927c48276
	EndGlobalSection
	GlobalSection(SolutionProperties) = preSolution
		HideSolutionNode = FALSE
	EndGlobalSection
	GlobalSection(ExtensibilityGlobals) = postSolution
		SolutionGuid = {FC068EB3-A206-415A-BACE-9BABC64048A3}
	EndGlobalSection
EndGlobal
